{
  "nodes": {
    "nixpkgs": {
      "locked": {
        "lastModified": 1759060856,
        "narHash": "sha256-GcY9dYDnwozBZgZIHNjSkQUBwCBmyY7rKffgyCCjkVo=",
        "owner": "NixOS",
        "repo": "nixpkgs",
        "rev": "bcffac3ac504dc0ad80070251a9a5aae2d4ab339",
        "type": "github"
      },
      "original": {
        "owner": "NixOS",
        "repo": "nixpkgs",
        "rev": "bcffac3ac504dc0ad80070251a9a5aae2d4ab339",
        "type": "github"
      }
    },
    "root": {
      "inputs": {
        "nixpkgs": "nixpkgs"
      }
    }
  },
  "root": "root",
  "version": 7
}
